// !$*UTF8*$!
{
	archiveVersion = 1;
	classes = {
	};
	objectVersion = 50;
	objects = {

/* Begin PBXBuildFile section */
		CAD29F6D2170A49C000A1F51 /* AppDelegate.swift in Sources */ = {isa = PBXBuildFile; fileRef = CAD29F6C2170A49C000A1F51 /* AppDelegate.swift */; };
		CAD29F6F2170A49C000A1F51 /* ViewController.swift in Sources */ = {isa = PBXBuildFile; fileRef = CAD29F6E2170A49C000A1F51 /* ViewController.swift */; };
		CAD29F722170A49C000A1F51 /* Main.storyboard in Resources */ = {isa = PBXBuildFile; fileRef = CAD29F702170A49C000A1F51 /* Main.storyboard */; };
		CAD29F742170A49D000A1F51 /* Assets.xcassets in Resources */ = {isa = PBXBuildFile; fileRef = CAD29F732170A49D000A1F51 /* Assets.xcassets */; };
		CAD29F772170A49D000A1F51 /* LaunchScreen.storyboard in Resources */ = {isa = PBXBuildFile; fileRef = CAD29F752170A49D000A1F51 /* LaunchScreen.storyboard */; };
		CAD29F802170A4C9000A1F51 /* JNWaterFlowLayout.swift in Sources */ = {isa = PBXBuildFile; fileRef = CAD29F7F2170A4C9000A1F51 /* JNWaterFlowLayout.swift */; };
		CAD29F822170A7DD000A1F51 /* Const.swift in Sources */ = {isa = PBXBuildFile; fileRef = CAD29F812170A7DD000A1F51 /* Const.swift */; };
/* End PBXBuildFile section */

/* Begin PBXFileReference section */
		CAD29F692170A49C000A1F51 /* JNWaterFallLayout.app */ = {isa = PBXFileReference; explicitFileType = wrapper.application; includeInIndex = 0; path = JNWaterFallLayout.app; sourceTree = BUILT_PRODUCTS_DIR; };
		CAD29F6C2170A49C000A1F51 /* AppDelegate.swift */ = {isa = PBXFileReference; lastKnownFileType = sourcecode.swift; path = AppDelegate.swift; sourceTree = "<group>"; };
		CAD29F6E2170A49C000A1F51 /* ViewController.swift */ = {isa = PBXFileReference; lastKnownFileType = sourcecode.swift; path = ViewController.swift; sourceTree = "<group>"; };
		CAD29F712170A49C000A1F51 /* Base */ = {isa = PBXFileReference; lastKnownFileType = file.storyboard; name = Base; path = Base.lproj/Main.storyboard; sourceTree = "<group>"; };
		CAD29F732170A49D000A1F51 /* Assets.xcassets */ = {isa = PBXFileReference; lastKnownFileType = folder.assetcatalog; path = Assets.xcassets; sourceTree = "<group>"; };
		CAD29F762170A49D000A1F51 /* Base */ = {isa = PBXFileReference; lastKnownFileType = file.storyboard; name = Base; path = Base.lproj/LaunchScreen.storyboard; sourceTree = "<group>"; };
		CAD29F782170A49D000A1F51 /* Info.plist */ = {isa = PBXFileReference; lastKnownFileType = text.plist.xml; path = Info.plist; sourceTree = "<group>"; };
		CAD29F7F2170A4C9000A1F51 /* JNWaterFlowLayout.swift */ = {isa = PBXFileReference; lastKnownFileType = sourcecode.swift; path = JNWaterFlowLayout.swift; sourceTree = "<group>"; };
		CAD29F812170A7DD000A1F51 /* Const.swift */ = {isa = PBXFileReference; lastKnownFileType = sourcecode.swift; path = Const.swift; sourceTree = "<group>"; };
/* End PBXFileReference section */

/* Begin PBXFrameworksBuildPhase section */
		CAD29F662170A49C000A1F51 /* Frameworks */ = {
			isa = PBXFrameworksBuildPhase;
			buildActionMask = 2147483647;
			files = (
			);
			runOnlyForDeploymentPostprocessing = 0;
		};
/* End PBXFrameworksBuildPhase section */

/* Begin PBXGroup section */
		CAD29F602170A49C000A1F51 = {
			isa = PBXGroup;
			children = (
				CAD29F6B2170A49C000A1F51 /* JNWaterFallLayout */,
				CAD29F6A2170A49C000A1F51 /* Products */,
			);
			sourceTree = "<group>";
		};
		CAD29F6A2170A49C000A1F51 /* Products */ = {
			isa = PBXGroup;
			children = (
				CAD29F692170A49C000A1F51 /* JNWaterFallLayout.app */,
			);
			name = Products;
			sourceTree = "<group>";
		};
		CAD29F6B2170A49C000A1F51 /* JNWaterFallLayout */ = {
			isa = PBXGroup;
			children = (
				CAD29F7E2170A4AB000A1F51 /* JNWaterFallLayout */,
				CAD29F6C2170A49C000A1F51 /* AppDelegate.swift */,
				CAD29F6E2170A49C000A1F51 /* ViewController.swift */,
				CAD29F702170A49C000A1F51 /* Main.storyboard */,
				CAD29F732170A49D000A1F51 /* Assets.xcassets */,
				CAD29F752170A49D000A1F51 /* LaunchScreen.storyboard */,
				CAD29F782170A49D000A1F51 /* Info.plist */,
				CAD29F812170A7DD000A1F51 /* Const.swift */,
			);
			path = JNWaterFallLayout;
			sourceTree = "<group>";
		};
		CAD29F7E2170A4AB000A1F51 /* JNWaterFallLayout */ = {
			isa = PBXGroup;
			children = (
				CAD29F7F2170A4C9000A1F51 /* JNWaterFlowLayout.swift */,
			);
			path = JNWaterFallLayout;
			sourceTree = "<group>";
		};
/* End PBXGroup section */

/* Begin PBXNativeTarget section */
		CAD29F682170A49C000A1F51 /* JNWaterFallLayout */ = {
			isa = PBXNativeTarget;
			buildConfigurationList = CAD29F7B2170A49D000A1F51 /* Build configuration list for PBXNativeTarget "JNWaterFallLayout" */;
			buildPhases = (
				CAD29F652170A49C000A1F51 /* Sources */,
				CAD29F662170A49C000A1F51 /* Frameworks */,
				CAD29F672170A49C000A1F51 /* Resources */,
			);
			buildRules = (
			);
			dependencies = (
			);
			name = JNWaterFallLayout;
			productName = JNWaterFallLayout;
			productReference = CAD29F692170A49C000A1F51 /* JNWaterFallLayout.app */;
			productType = "com.apple.product-type.application";
		};
/* End PBXNativeTarget section */

/* Begin PBXProject section */
		CAD29F612170A49C000A1F51 /* Project object */ = {
			isa = PBXProject;
			attributes = {
				LastSwiftUpdateCheck = 0940;
				LastUpgradeCheck = 0940;
				ORGANIZATIONNAME = "北京大账房信息技术有限公司";
				TargetAttributes = {
					CAD29F682170A49C000A1F51 = {
						CreatedOnToolsVersion = 9.4.1;
					};
				};
			};
			buildConfigurationList = CAD29F642170A49C000A1F51 /* Build configuration list for PBXProject "JNWaterFallLayout" */;
			compatibilityVersion = "Xcode 9.3";
			developmentRegion = en;
			hasScannedForEncodings = 0;
			knownRegions = (
				en,
				Base,
			);
			mainGroup = CAD29F602170A49C000A1F51;
			productRefGroup = CAD29F6A2170A49C000A1F51 /* Products */;
			projectDirPath = "";
			projectRoot = "";
			targets = (
				CAD29F682170A49C000A1F51 /* JNWaterFallLayout */,
			);
		};
/* End PBXProject section */

/* Begin PBXResourcesBuildPhase section */
		CAD29F672170A49C000A1F51 /* Resources */ = {
			isa = PBXResourcesBuildPhase;
			buildActionMask = 2147483647;
			files = (
				CAD29F772170A49D000A1F51 /* LaunchScreen.storyboard in Resources */,
				CAD29F742170A49D000A1F51 /* Assets.xcassets in Resources */,
				CAD29F722170A49C000A1F51 /* Main.storyboard in Resources */,
			);
			runOnlyForDeploymentPostprocessing = 0;
		};
/* End PBXResourcesBuildPhase section */

/* Begin PBXSourcesBuildPhase section */
		CAD29F652170A49C000A1F51 /* Sources */ = {
			isa = PBXSourcesBuildPhase;
			buildActionMask = 2147483647;
			files = (
				CAD29F802170A4C9000A1F51 /* JNWaterFlowLayout.swift in Sources */,
				CAD29F822170A7DD000A1F51 /* Const.swift in Sources */,
				CAD29F6F2170A49C000A1F51 /* ViewController.swift in Sources */,
				CAD29F6D2170A49C000A1F51 /* AppDelegate.swift in Sources */,
			);
			runOnlyForDeploymentPostprocessing = 0;
		};
/* End PBXSourcesBuildPhase section */

/* Begin PBXVariantGroup section */
		CAD29F702170A49C000A1F51 /* Main.storyboard */ = {
			isa = PBXVariantGroup;
			children = (
				CAD29F712170A49C000A1F51 /* Base */,
			);
			name = Main.storyboard;
			sourceTree = "<group>";
		};
		CAD29F752170A49D000A1F51 /* LaunchScreen.storyboard */ = {
			isa = PBXVariantGroup;
			children = (
				CAD29F762170A49D000A1F51 /* Base */,
			);
			name = LaunchScreen.storyboard;
			sourceTree = "<group>";
		};
/* End PBXVariantGroup section */

/* Begin XCBuildConfiguration section */
		CAD29F792170A49D000A1F51 /* Debug */ = {
			isa = XCBuildConfiguration;
			buildSettings = {
				ALWAYS_SEARCH_USER_PATHS = NO;
				CLANG_ANALYZER_NONNULL = YES;
				CLANG_ANALYZER_NUMBER_OBJECT_CONVERSION = YES_AGGRESSIVE;
				CLANG_CXX_LANGUAGE_STANDARD = "gnu++14";
				CLANG_CXX_LIBRARY = "libc++";
				CLANG_ENABLE_MODULES = YES;
				CLANG_ENABLE_OBJC_ARC = YES;
				CLANG_ENABLE_OBJC_WEAK = YES;
				CLANG_WARN_BLOCK_CAPTURE_AUTORELEASING = YES;
				CLANG_WARN_BOOL_CONVERSION = YES;
				CLANG_WARN_COMMA = YES;
				CLANG_WARN_CONSTANT_CONVERSION = YES;
				CLANG_WARN_DEPRECATED_OBJC_IMPLEMENTATIONS = YES;
				CLANG_WARN_DIRECT_OBJC_ISA_USAGE = YES_ERROR;
				CLANG_WARN_DOCUMENTATION_COMMENTS = YES;
				CLANG_WARN_EMPTY_BODY = YES;
				CLANG_WARN_ENUM_CONVERSION = YES;
				CLANG_WARN_INFINITE_RECURSION = YES;
				CLANG_WARN_INT_CONVERSION = YES;
				CLANG_WARN_NON_LITERAL_NULL_CONVERSION = YES;
				CLANG_WARN_OBJC_IMPLICIT_RETAIN_SELF = YES;
				CLANG_WARN_OBJC_LITERAL_CONVERSION = YES;
				CLANG_WARN_OBJC_ROOT_CLASS = YES_ERROR;
				CLANG_WARN_RANGE_LOOP_ANALYSIS = YES;
				CLANG_WARN_STRICT_PROTOTYPES = YES;
				CLANG_WARN_SUSPICIOUS_MOVE = YES;
				CLANG_WARN_UNGUARDED_AVAILABILITY = YES_AGGRESSIVE;
				CLANG_WARN_UNREACHABLE_CODE = YES;
				CLANG_WARN__DUPLICATE_METHOD_MATCH = YES;
				CODE_SIGN_IDENTITY = "iPhone Developer";
				COPY_PHASE_STRIP = NO;
				DEBUG_INFORMATION_FORMAT = dwarf;
				ENABLE_STRICT_OBJC_MSGSEND = YES;
				ENABLE_TESTABILITY = YES;
				GCC_C_LANGUAGE_STANDARD = gnu11;
				GCC_DYNAMIC_NO_PIC = NO;
				GCC_NO_COMMON_BLOCKS = YES;
				GCC_OPTIMIZATION_LEVEL = 0;
				GCC_PREPROCESSOR_DEFINITIONS = (
					"DEBUG=1",
					"$(inherited)",
				);
				GCC_WARN_64_TO_32_BIT_CONVERSION = YES;
				GCC_WARN_ABOUT_RETURN_TYPE = YES_ERROR;
				GCC_WARN_UNDECLARED_SELECTOR = YES;
				GCC_WARN_UNINITIALIZED_AUTOS = YES_AGGRESSIVE;
				GCC_WARN_UNUSED_FUNCTION = YES;
				GCC_WARN_UNUSED_VARIABLE = YES;
				IPHONEOS_DEPLOYMENT_TARGET = 11.4;
				MTL_ENABLE_DEBUG_INFO = YES;
				ONLY_ACTIVE_ARCH = YES;
				SDKROOT = iphoneos;
				SWIFT_ACTIVE_COMPILATION_CONDITIONS = DEBUG;
				SWIFT_OPTIMIZATION_LEVEL = "-Onone";
			};
			name = Debug;
		};
		CAD29F7A2170A49D000A1F51 /* Release */ = {
			isa = XCBuildConfiguration;
			buildSettings = {
				ALWAYS_SEARCH_USER_PATHS = NO;
				CLANG_ANALYZER_NONNULL = YES;
				CLANG_ANALYZER_NUMBER_OBJECT_CONVERSION = YES_AGGRESSIVE;
				CLANG_CXX_LANGUAGE_STANDARD = "gnu++14";
				CLANG_CXX_LIBRARY = "libc++";
				CLANG_ENABLE_MODULES = YES;
				CLANG_ENABLE_OBJC_ARC = YES;
				CLANG_ENABLE_OBJC_WEAK = YES;
				CLANG_WARN_BLOCK_CAPTURE_AUTORELEASING = YES;
				CLANG_WARN_BOOL_CONVERSION = YES;
				CLANG_WARN_COMMA = YES;
				CLANG_WARN_CONSTANT_CONVERSION = YES;
				CLANG_WARN_DEPRECATED_OBJC_IMPLEMENTATIONS = YES;
				CLANG_WARN_DIRECT_OBJC_ISA_USAGE = YES_ERROR;
				CLANG_WARN_DOCUMENTATION_COMMENTS = YES;
				CLANG_WARN_EMPTY_BODY = YES;
				CLANG_WARN_ENUM_CONVERSION = YES;
				CLANG_WARN_INFINITE_RECURSION = YES;
				CLANG_WARN_INT_CONVERSION = YES;
				CLANG_WARN_NON_LITERAL_NULL_CONVERSION = YES;
				CLANG_WARN_OBJC_IMPLICIT_RETAIN_SELF = YES;
				CLANG_WARN_OBJC_LITERAL_CONVERSION = YES;
				CLANG_WARN_OBJC_ROOT_CLASS = YES_ERROR;
				CLANG_WARN_RANGE_LOOP_ANALYSIS = YES;
				CLANG_WARN_STRICT_PROTOTYPES = YES;
				CLANG_WARN_SUSPICIOUS_MOVE = YES;
				CLANG_WARN_UNGUARDED_AVAILABILITY = YES_AGGRESSIVE;
				CLANG_WARN_UNREACHABLE_CODE = YES;
				CLANG_WARN__DUPLICATE_METHOD_MATCH = YES;
				CODE_SIGN_IDENTITY = "iPhone Developer";
				COPY_PHASE_STRIP = NO;
				DEBUG_INFORMATION_FORMAT = "dwarf-with-dsym";
				ENABLE_NS_ASSERTIONS = NO;
				ENABLE_STRICT_OBJC_MSGSEND = YES;
				GCC_C_LANGUAGE_STANDARD = gnu11;
				GCC_NO_COMMON_BLOCKS = YES;
				GCC_WARN_64_TO_32_BIT_CONVERSION = YES;
				GCC_WARN_ABOUT_RETURN_TYPE = YES_ERROR;
				GCC_WARN_UNDECLARED_SELECTOR = YES;
				GCC_WARN_UNINITIALIZED_AUTOS = YES_AGGRESSIVE;
				GCC_WARN_UNUSED_FUNCTION = YES;
				GCC_WARN_UNUSED_VARIABLE = YES;
				IPHONEOS_DEPLOYMENT_TARGET = 11.4;
				MTL_ENABLE_DEBUG_INFO = NO;
				SDKROOT = iphoneos;
				SWIFT_COMPILATION_MODE = wholemodule;
				SWIFT_OPTIMIZATION_LEVEL = "-O";
				VALIDATE_PRODUCT = YES;
			};
			name = Release;
		};
		CAD29F7C2170A49D000A1F51 /* Debug */ = {
			isa = XCBuildConfiguration;
			buildSettings = {
				ASSETCATALOG_COMPILER_APPICON_NAME = AppIcon;
				CODE_SIGN_STYLE = Automatic;
				INFOPLIST_FILE = JNWaterFallLayout/Info.plist;
				LD_RUNPATH_SEARCH_PATHS = (
					"$(inherited)",
					"@executable_path/Frameworks",
				);
				PRODUCT_BUNDLE_IDENTIFIER = com.dazhangfang.cn.JNWaterFallLayout;
				PRODUCT_NAME = "$(TARGET_NAME)";
				SWIFT_VERSION = 4.0;
				TARGETED_DEVICE_FAMILY = "1,2";
			};
			name = Debug;
		};
		CAD29F7D2170A49D000A1F51 /* Release */ = {
			isa = XCBuildConfiguration;
			buildSettings = {
				ASSETCATALOG_COMPILER_APPICON_NAME = AppIcon;
				CODE_SIGN_STYLE = Automatic;
				INFOPLIST_FILE = JNWaterFallLayout/Info.plist;
				LD_RUNPATH_SEARCH_PATHS = (
					"$(inherited)",
					"@executable_path/Frameworks",
				);
				PRODUCT_BUNDLE_IDENTIFIER = com.dazhangfang.cn.JNWaterFallLayout;
				PRODUCT_NAME = "$(TARGET_NAME)";
				SWIFT_VERSION = 4.0;
				TARGETED_DEVICE_FAMILY = "1,2";
			};
			name = Release;
		};
/* End XCBuildConfiguration section */

/* Begin XCConfigurationList section */
		CAD29F642170A49C000A1F51 /* Build configuration list for PBXProject "JNWaterFallLayout" */ = {
			isa = XCConfigurationList;
			buildConfigurations = (
				CAD29F792170A49D000A1F51 /* Debug */,
				CAD29F7A2170A49D000A1F51 /* Release */,
			);
			defaultConfigurationIsVisible = 0;
			defaultConfigurationName = Release;
		};
		CAD29F7B2170A49D000A1F51 /* Build configuration list for PBXNativeTarget "JNWaterFallLayout" */ = {
			isa = XCConfigurationList;
			buildConfigurations = (
				CAD29F7C2170A49D000A1F51 /* Debug */,
				CAD29F7D2170A49D000A1F51 /* Release */,
			);
			defaultConfigurationIsVisible = 0;
			defaultConfigurationName = Release;
		};
/* End XCConfigurationList section */
	};
	rootObject = CAD29F612170A49C000A1F51 /* Project object */;
}
